// !$*UTF8*$!
{
	archiveVersion = 1;
	classes = {
	};
	objectVersion = 46;
	objects = {

/* Begin PBXBuildFile section */
		2BF13C8F19F17379009303DE /* Foundation.framework in Frameworks */ = {isa = PBXBuildFile; fileRef = 2BF13C8E19F17379009303DE /* Foundation.framework */; };
		2BF13C9119F17379009303DE /* CoreGraphics.framework in Frameworks */ = {isa = PBXBuildFile; fileRef = 2BF13C9019F17379009303DE /* CoreGraphics.framework */; };
		2BF13C9319F17379009303DE /* UIKit.framework in Frameworks */ = {isa = PBXBuildFile; fileRef = 2BF13C9219F17379009303DE /* UIKit.framework */; };
		2BF13C9919F17379009303DE /* InfoPlist.strings in Resources */ = {isa = PBXBuildFile; fileRef = 2BF13C9719F17379009303DE /* InfoPlist.strings */; };
		2BF13C9B19F17379009303DE /* main.m in Sources */ = {isa = PBXBuildFile; fileRef = 2BF13C9A19F17379009303DE /* main.m */; };
		2BF13C9F19F17379009303DE /* RVAppDelegate.m in Sources */ = {isa = PBXBuildFile; fileRef = 2BF13C9E19F17379009303DE /* RVAppDelegate.m */; };
		2BF13CA219F17379009303DE /* Main.storyboard in Resources */ = {isa = PBXBuildFile; fileRef = 2BF13CA019F17379009303DE /* Main.storyboard */; };
		2BF13CA519F17379009303DE /* RVViewController.m in Sources */ = {isa = PBXBuildFile; fileRef = 2BF13CA419F17379009303DE /* RVViewController.m */; };
		2BF13CA719F17379009303DE /* Images.xcassets in Resources */ = {isa = PBXBuildFile; fileRef = 2BF13CA619F17379009303DE /* Images.xcassets */; };
		2BF13CAE19F17379009303DE /* XCTest.framework in Frameworks */ = {isa = PBXBuildFile; fileRef = 2BF13CAD19F17379009303DE /* XCTest.framework */; };
		2BF13CAF19F17379009303DE /* Foundation.framework in Frameworks */ = {isa = PBXBuildFile; fileRef = 2BF13C8E19F17379009303DE /* Foundation.framework */; };
		2BF13CB019F17379009303DE /* UIKit.framework in Frameworks */ = {isa = PBXBuildFile; fileRef = 2BF13C9219F17379009303DE /* UIKit.framework */; };
		2BF13CB819F17379009303DE /* InfoPlist.strings in Resources */ = {isa = PBXBuildFile; fileRef = 2BF13CB619F17379009303DE /* InfoPlist.strings */; };
		2BF13CBA19F17379009303DE /* MyFirstApplicationTests.m in Sources */ = {isa = PBXBuildFile; fileRef = 2BF13CB919F17379009303DE /* MyFirstApplicationTests.m */; };
		2BF13CC419F179D9009303DE /* images-2.jpeg in Resources */ = {isa = PBXBuildFile; fileRef = 2BF13CC319F179D9009303DE /* images-2.jpeg */; };
/* End PBXBuildFile section */

/* Begin PBXContainerItemProxy section */
		2BF13CB119F17379009303DE /* PBXContainerItemProxy */ = {
			isa = PBXContainerItemProxy;
			containerPortal = 2BF13C8319F17379009303DE /* Project object */;
			proxyType = 1;
			remoteGlobalIDString = 2BF13C8A19F17379009303DE;
			remoteInfo = MyFirstApplication;
		};
/* End PBXContainerItemProxy section */

/* Begin PBXFileReference section */
		2BF13C8B19F17379009303DE /* MyFirstApplication.app */ = {isa = PBXFileReference; explicitFileType = wrapper.application; includeInIndex = 0; path = MyFirstApplication.app; sourceTree = BUILT_PRODUCTS_DIR; };
		2BF13C8E19F17379009303DE /* Foundation.framework */ = {isa = PBXFileReference; lastKnownFileType = wrapper.framework; name = Foundation.framework; path = System/Library/Frameworks/Foundation.framework; sourceTree = SDKROOT; };
		2BF13C9019F17379009303DE /* CoreGraphics.framework */ = {isa = PBXFileReference; lastKnownFileType = wrapper.framework; name = CoreGraphics.framework; path = System/Library/Frameworks/CoreGraphics.framework; sourceTree = SDKROOT; };
		2BF13C9219F17379009303DE /* UIKit.framework */ = {isa = PBXFileReference; lastKnownFileType = wrapper.framework; name = UIKit.framework; path = System/Library/Frameworks/UIKit.framework; sourceTree = SDKROOT; };
		2BF13C9619F17379009303DE /* MyFirstApplication-Info.plist */ = {isa = PBXFileReference; lastKnownFileType = text.plist.xml; path = "MyFirstApplication-Info.plist"; sourceTree = "<group>"; };
		2BF13C9819F17379009303DE /* en */ = {isa = PBXFileReference; lastKnownFileType = text.plist.strings; name = en; path = en.lproj/InfoPlist.strings; sourceTree = "<group>"; };
		2BF13C9A19F17379009303DE /* main.m */ = {isa = PBXFileReference; lastKnownFileType = sourcecode.c.objc; path = main.m; sourceTree = "<group>"; };
		2BF13C9C19F17379009303DE /* MyFirstApplication-Prefix.pch */ = {isa = PBXFileReference; lastKnownFileType = sourcecode.c.h; path = "MyFirstApplication-Prefix.pch"; sourceTree = "<group>"; };
		2BF13C9D19F17379009303DE /* RVAppDelegate.h */ = {isa = PBXFileReference; lastKnownFileType = sourcecode.c.h; path = RVAppDelegate.h; sourceTree = "<group>"; };
		2BF13C9E19F17379009303DE /* RVAppDelegate.m */ = {isa = PBXFileReference; lastKnownFileType = sourcecode.c.objc; path = RVAppDelegate.m; sourceTree = "<group>"; };
		2BF13CA119F17379009303DE /* Base */ = {isa = PBXFileReference; lastKnownFileType = file.storyboard; name = Base; path = Base.lproj/Main.storyboard; sourceTree = "<group>"; };
		2BF13CA319F17379009303DE /* RVViewController.h */ = {isa = PBXFileReference; lastKnownFileType = sourcecode.c.h; path = RVViewController.h; sourceTree = "<group>"; };
		2BF13CA419F17379009303DE /* RVViewController.m */ = {isa = PBXFileReference; lastKnownFileType = sourcecode.c.objc; path = RVViewController.m; sourceTree = "<group>"; };
		2BF13CA619F17379009303DE /* Images.xcassets */ = {isa = PBXFileReference; lastKnownFileType = folder.assetcatalog; path = Images.xcassets; sourceTree = "<group>"; };
		2BF13CAC19F17379009303DE /* MyFirstApplicationTests.xctest */ = {isa = PBXFileReference; explicitFileType = wrapper.cfbundle; includeInIndex = 0; path = MyFirstApplicationTests.xctest; sourceTree = BUILT_PRODUCTS_DIR; };
		2BF13CAD19F17379009303DE /* XCTest.framework */ = {isa = PBXFileReference; lastKnownFileType = wrapper.framework; name = XCTest.framework; path = Library/Frameworks/XCTest.framework; sourceTree = DEVELOPER_DIR; };
		2BF13CB519F17379009303DE /* MyFirstApplicationTests-Info.plist */ = {isa = PBXFileReference; lastKnownFileType = text.plist.xml; path = "MyFirstApplicationTests-Info.plist"; sourceTree = "<group>"; };
		2BF13CB719F17379009303DE /* en */ = {isa = PBXFileReference; lastKnownFileType = text.plist.strings; name = en; path = en.lproj/InfoPlist.strings; sourceTree = "<group>"; };
		2BF13CB919F17379009303DE /* MyFirstApplicationTests.m */ = {isa = PBXFileReference; lastKnownFileType = sourcecode.c.objc; path = MyFirstApplicationTests.m; sourceTree = "<group>"; };
		2BF13CC319F179D9009303DE /* images-2.jpeg */ = {isa = PBXFileReference; lastKnownFileType = image.jpeg; path = "images-2.jpeg"; sourceTree = "<group>"; };
/* End PBXFileReference section */

/* Begin PBXFrameworksBuildPhase section */
		2BF13C8819F17379009303DE /* Frameworks */ = {
			isa = PBXFrameworksBuildPhase;
			buildActionMask = 2147483647;
			files = (
				2BF13C9119F17379009303DE /* CoreGraphics.framework in Frameworks */,
				2BF13C9319F17379009303DE /* UIKit.framework in Frameworks */,
				2BF13C8F19F17379009303DE /* Foundation.framework in Frameworks */,
			);
			runOnlyForDeploymentPostprocessing = 0;
		};
		2BF13CA919F17379009303DE /* Frameworks */ = {
			isa = PBXFrameworksBuildPhase;
			buildActionMask = 2147483647;
			files = (
				2BF13CAE19F17379009303DE /* XCTest.framework in Frameworks */,
				2BF13CB019F17379009303DE /* UIKit.framework in Frameworks */,
				2BF13CAF19F17379009303DE /* Foundation.framework in Frameworks */,
			);
			runOnlyForDeploymentPostprocessing = 0;
		};
/* End PBXFrameworksBuildPhase section */

/* Begin PBXGroup section */
		2BF13C8219F17379009303DE = {
			isa = PBXGroup;
			children = (
				2BF13C9419F17379009303DE /* MyFirstApplication */,
				2BF13CB319F17379009303DE /* MyFirstApplicationTests */,
				2BF13C8D19F17379009303DE /* Frameworks */,
				2BF13C8C19F17379009303DE /* Products */,
			);
			sourceTree = "<group>";
		};
		2BF13C8C19F17379009303DE /* Products */ = {
			isa = PBXGroup;
			children = (
				2BF13C8B19F17379009303DE /* MyFirstApplication.app */,
				2BF13CAC19F17379009303DE /* MyFirstApplicationTests.xctest */,
			);
			name = Products;
			sourceTree = "<group>";
		};
		2BF13C8D19F17379009303DE /* Frameworks */ = {
			isa = PBXGroup;
			children = (
				2BF13C8E19F17379009303DE /* Foundation.framework */,
				2BF13C9019F17379009303DE /* CoreGraphics.framework */,
				2BF13C9219F17379009303DE /* UIKit.framework */,
				2BF13CAD19F17379009303DE /* XCTest.framework */,
			);
			name = Frameworks;
			sourceTree = "<group>";
		};
		2BF13C9419F17379009303DE /* MyFirstApplication */ = {
			isa = PBXGroup;
			children = (
				2BF13C9D19F17379009303DE /* RVAppDelegate.h */,
				2BF13C9E19F17379009303DE /* RVAppDelegate.m */,
				2BF13CA019F17379009303DE /* Main.storyboard */,
				2BF13CA319F17379009303DE /* RVViewController.h */,
				2BF13CA419F17379009303DE /* RVViewController.m */,
				2BF13CA619F17379009303DE /* Images.xcassets */,
				2BF13C9519F17379009303DE /* Supporting Files */,
			);
			path = MyFirstApplication;
			sourceTree = "<group>";
		};
		2BF13C9519F17379009303DE /* Supporting Files */ = {
			isa = PBXGroup;
			children = (
				2BF13CC319F179D9009303DE /* images-2.jpeg */,
				2BF13C9619F17379009303DE /* MyFirstApplication-Info.plist */,
				2BF13C9719F17379009303DE /* InfoPlist.strings */,
				2BF13C9A19F17379009303DE /* main.m */,
				2BF13C9C19F17379009303DE /* MyFirstApplication-Prefix.pch */,
			);
			name = "Supporting Files";
			sourceTree = "<group>";
		};
		2BF13CB319F17379009303DE /* MyFirstApplicationTests */ = {
			isa = PBXGroup;
			children = (
				2BF13CB919F17379009303DE /* MyFirstApplicationTests.m */,
				2BF13CB419F17379009303DE /* Supporting Files */,
			);
			path = MyFirstApplicationTests;
			sourceTree = "<group>";
		};
		2BF13CB419F17379009303DE /* Supporting Files */ = {
			isa = PBXGroup;
			children = (
				2BF13CB519F17379009303DE /* MyFirstApplicationTests-Info.plist */,
				2BF13CB619F17379009303DE /* InfoPlist.strings */,
			);
			name = "Supporting Files";
			sourceTree = "<group>";
		};
/* End PBXGroup section */

/* Begin PBXNativeTarget section */
		2BF13C8A19F17379009303DE /* MyFirstApplication */ = {
			isa = PBXNativeTarget;
			buildConfigurationList = 2BF13CBD19F17379009303DE /* Build configuration list for PBXNativeTarget "MyFirstApplication" */;
			buildPhases = (
				2BF13C8719F17379009303DE /* Sources */,
				2BF13C8819F17379009303DE /* Frameworks */,
				2BF13C8919F17379009303DE /* Resources */,
			);
			buildRules = (
			);
			dependencies = (
			);
			name = MyFirstApplication;
			productName = MyFirstApplication;
			productReference = 2BF13C8B19F17379009303DE /* MyFirstApplication.app */;
			productType = "com.apple.product-type.application";
		};
		2BF13CAB19F17379009303DE /* MyFirstApplicationTests */ = {
			isa = PBXNativeTarget;
			buildConfigurationList = 2BF13CC019F17379009303DE /* Build configuration list for PBXNativeTarget "MyFirstApplicationTests" */;
			buildPhases = (
				2BF13CA819F17379009303DE /* Sources */,
				2BF13CA919F17379009303DE /* Frameworks */,
				2BF13CAA19F17379009303DE /* Resources */,
			);
			buildRules = (
			);
			dependencies = (
				2BF13CB219F17379009303DE /* PBXTargetDependency */,
			);
			name = MyFirstApplicationTests;
			productName = MyFirstApplicationTests;
			productReference = 2BF13CAC19F17379009303DE /* MyFirstApplicationTests.xctest */;
			productType = "com.apple.product-type.bundle.unit-test";
		};
/* End PBXNativeTarget section */

/* Begin PBXProject section */
		2BF13C8319F17379009303DE /* Project object */ = {
			isa = PBXProject;
			attributes = {
				CLASSPREFIX = RV;
				LastUpgradeCheck = 0510;
				ORGANIZATIONNAME = Coldhope;
				TargetAttributes = {
					2BF13CAB19F17379009303DE = {
						TestTargetID = 2BF13C8A19F17379009303DE;
					};
				};
			};
			buildConfigurationList = 2BF13C8619F17379009303DE /* Build configuration list for PBXProject "MyFirstApplication" */;
			compatibilityVersion = "Xcode 3.2";
			developmentRegion = English;
			hasScannedForEncodings = 0;
			knownRegions = (
				en,
				Base,
			);
			mainGroup = 2BF13C8219F17379009303DE;
			productRefGroup = 2BF13C8C19F17379009303DE /* Products */;
			projectDirPath = "";
			projectRoot = "";
			targets = (
				2BF13C8A19F17379009303DE /* MyFirstApplication */,
				2BF13CAB19F17379009303DE /* MyFirstApplicationTests */,
			);
		};
/* End PBXProject section */

/* Begin PBXResourcesBuildPhase section */
		2BF13C8919F17379009303DE /* Resources */ = {
			isa = PBXResourcesBuildPhase;
			buildActionMask = 2147483647;
			files = (
				2BF13CA719F17379009303DE /* Images.xcassets in Resources */,
				2BF13C9919F17379009303DE /* InfoPlist.strings in Resources */,
				2BF13CC419F179D9009303DE /* images-2.jpeg in Resources */,
				2BF13CA219F17379009303DE /* Main.storyboard in Resources */,
			);
			runOnlyForDeploymentPostprocessing = 0;
		};
		2BF13CAA19F17379009303DE /* Resources */ = {
			isa = PBXResourcesBuildPhase;
			buildActionMask = 2147483647;
			files = (
				2BF13CB819F17379009303DE /* InfoPlist.strings in Resources */,
			);
			runOnlyForDeploymentPostprocessing = 0;
		};
/* End PBXResourcesBuildPhase section */

/* Begin PBXSourcesBuildPhase section */
		2BF13C8719F17379009303DE /* Sources */ = {
			isa = PBXSourcesBuildPhase;
			buildActionMask = 2147483647;
			files = (
				2BF13C9F19F17379009303DE /* RVAppDelegate.m in Sources */,
				2BF13CA519F17379009303DE /* RVViewController.m in Sources */,
				2BF13C9B19F17379009303DE /* main.m in Sources */,
			);
			runOnlyForDeploymentPostprocessing = 0;
		};
		2BF13CA819F17379009303DE /* Sources */ = {
			isa = PBXSourcesBuildPhase;
			buildActionMask = 2147483647;
			files = (
				2BF13CBA19F17379009303DE /* MyFirstApplicationTests.m in Sources */,
			);
			runOnlyForDeploymentPostprocessing = 0;
		};
/* End PBXSourcesBuildPhase section */

/* Begin PBXTargetDependency section */
		2BF13CB219F17379009303DE /* PBXTargetDependency */ = {
			isa = PBXTargetDependency;
			target = 2BF13C8A19F17379009303DE /* MyFirstApplication */;
			targetProxy = 2BF13CB119F17379009303DE /* PBXContainerItemProxy */;
		};
/* End PBXTargetDependency section */

/* Begin PBXVariantGroup section */
		2BF13C9719F17379009303DE /* InfoPlist.strings */ = {
			isa = PBXVariantGroup;
			children = (
				2BF13C9819F17379009303DE /* en */,
			);
			name = InfoPlist.strings;
			sourceTree = "<group>";
		};
		2BF13CA019F17379009303DE /* Main.storyboard */ = {
			isa = PBXVariantGroup;
			children = (
				2BF13CA119F17379009303DE /* Base */,
			);
			name = Main.storyboard;
			sourceTree = "<group>";
		};
		2BF13CB619F17379009303DE /* InfoPlist.strings */ = {
			isa = PBXVariantGroup;
			children = (
				2BF13CB719F17379009303DE /* en */,
			);
			name = InfoPlist.strings;
			sourceTree = "<group>";
		};
/* End PBXVariantGroup section */

/* Begin XCBuildConfiguration section */
		2BF13CBB19F17379009303DE /* Debug */ = {
			isa = XCBuildConfiguration;
			buildSettings = {
				ALWAYS_SEARCH_USER_PATHS = NO;
				CLANG_CXX_LANGUAGE_STANDARD = "gnu++0x";
				CLANG_CXX_LIBRARY = "libc++";
				CLANG_ENABLE_MODULES = YES;
				CLANG_ENABLE_OBJC_ARC = YES;
				CLANG_WARN_BOOL_CONVERSION = YES;
				CLANG_WARN_CONSTANT_CONVERSION = YES;
				CLANG_WARN_DIRECT_OBJC_ISA_USAGE = YES_ERROR;
				CLANG_WARN_EMPTY_BODY = YES;
				CLANG_WARN_ENUM_CONVERSION = YES;
				CLANG_WARN_INT_CONVERSION = YES;
				CLANG_WARN_OBJC_ROOT_CLASS = YES_ERROR;
				CLANG_WARN__DUPLICATE_METHOD_MATCH = YES;
				"CODE_SIGN_IDENTITY[sdk=iphoneos*]" = "iPhone Developer";
				COPY_PHASE_STRIP = NO;
				GCC_C_LANGUAGE_STANDARD = gnu99;
				GCC_DYNAMIC_NO_PIC = NO;
				GCC_OPTIMIZATION_LEVEL = 0;
				GCC_PREPROCESSOR_DEFINITIONS = (
					"DEBUG=1",
					"$(inherited)",
				);
				GCC_SYMBOLS_PRIVATE_EXTERN = NO;
				GCC_WARN_64_TO_32_BIT_CONVERSION = YES;
				GCC_WARN_ABOUT_RETURN_TYPE = YES_ERROR;
				GCC_WARN_UNDECLARED_SELECTOR = YES;
				GCC_WARN_UNINITIALIZED_AUTOS = YES_AGGRESSIVE;
				GCC_WARN_UNUSED_FUNCTION = YES;
				GCC_WARN_UNUSED_VARIABLE = YES;
				IPHONEOS_DEPLOYMENT_TARGET = 7.1;
				ONLY_ACTIVE_ARCH = YES;
				SDKROOT = iphoneos;
			};
			name = Debug;
		};
		2BF13CBC19F17379009303DE /* Release */ = {
			isa = XCBuildConfiguration;
			buildSettings = {
				ALWAYS_SEARCH_USER_PATHS = NO;
				CLANG_CXX_LANGUAGE_STANDARD = "gnu++0x";
				CLANG_CXX_LIBRARY = "libc++";
				CLANG_ENABLE_MODULES = YES;
				CLANG_ENABLE_OBJC_ARC = YES;
				CLANG_WARN_BOOL_CONVERSION = YES;
				CLANG_WARN_CONSTANT_CONVERSION = YES;
				CLANG_WARN_DIRECT_OBJC_ISA_USAGE = YES_ERROR;
				CLANG_WARN_EMPTY_BODY = YES;
				CLANG_WARN_ENUM_CONVERSION = YES;
				CLANG_WARN_INT_CONVERSION = YES;
				CLANG_WARN_OBJC_ROOT_CLASS = YES_ERROR;
				CLANG_WARN__DUPLICATE_METHOD_MATCH = YES;
				"CODE_SIGN_IDENTITY[sdk=iphoneos*]" = "iPhone Developer";
				COPY_PHASE_STRIP = YES;
				ENABLE_NS_ASSERTIONS = NO;
				GCC_C_LANGUAGE_STANDARD = gnu99;
				GCC_WARN_64_TO_32_BIT_CONVERSION = YES;
				GCC_WARN_ABOUT_RETURN_TYPE = YES_ERROR;
				GCC_WARN_UNDECLARED_SELECTOR = YES;
				GCC_WARN_UNINITIALIZED_AUTOS = YES_AGGRESSIVE;
				GCC_WARN_UNUSED_FUNCTION = YES;
				GCC_WARN_UNUSED_VARIABLE = YES;
				IPHONEOS_DEPLOYMENT_TARGET = 7.1;
				SDKROOT = iphoneos;
				VALIDATE_PRODUCT = YES;
			};
			name = Release;
		};
		2BF13CBE19F17379009303DE /* Debug */ = {
			isa = XCBuildConfiguration;
			buildSettings = {
				ASSETCATALOG_COMPILER_APPICON_NAME = AppIcon;
				ASSETCATALOG_COMPILER_LAUNCHIMAGE_NAME = LaunchImage;
				GCC_PRECOMPILE_PREFIX_HEADER = YES;
				GCC_PREFIX_HEADER = "MyFirstApplication/MyFirstApplication-Prefix.pch";
				INFOPLIST_FILE = "MyFirstApplication/MyFirstApplication-Info.plist";
				PRODUCT_NAME = "$(TARGET_NAME)";
				WRAPPER_EXTENSION = app;
			};
			name = Debug;
		};
		2BF13CBF19F17379009303DE /* Release */ = {
			isa = XCBuildConfiguration;
			buildSettings = {
				ASSETCATALOG_COMPILER_APPICON_NAME = AppIcon;
				ASSETCATALOG_COMPILER_LAUNCHIMAGE_NAME = LaunchImage;
				GCC_PRECOMPILE_PREFIX_HEADER = YES;
				GCC_PREFIX_HEADER = "MyFirstApplication/MyFirstApplication-Prefix.pch";
				INFOPLIST_FILE = "MyFirstApplication/MyFirstApplication-Info.plist";
				PRODUCT_NAME = "$(TARGET_NAME)";
				WRAPPER_EXTENSION = app;
			};
			name = Release;
		};
		2BF13CC119F17379009303DE /* Debug */ = {
			isa = XCBuildConfiguration;
			buildSettings = {
				BUNDLE_LOADER = "$(BUILT_PRODUCTS_DIR)/MyFirstApplication.app/MyFirstApplication";
				FRAMEWORK_SEARCH_PATHS = (
					"$(SDKROOT)/Developer/Library/Frameworks",
					"$(inherited)",
					"$(DEVELOPER_FRAMEWORKS_DIR)",
				);
				GCC_PRECOMPILE_PREFIX_HEADER = YES;
				GCC_PREFIX_HEADER = "MyFirstApplication/MyFirstApplication-Prefix.pch";
				GCC_PREPROCESSOR_DEFINITIONS = (
					"DEBUG=1",
					"$(inherited)",
				);
				INFOPLIST_FILE = "MyFirstApplicationTests/MyFirstApplicationTests-Info.plist";
				PRODUCT_NAME = "$(TARGET_NAME)";
				TEST_HOST = "$(BUNDLE_LOADER)";
				WRAPPER_EXTENSION = xctest;
			};
			name = Debug;
		};
		2BF13CC219F17379009303DE /* Release */ = {
			isa = XCBuildConfiguration;
			buildSettings = {
				BUNDLE_LOADER = "$(BUILT_PRODUCTS_DIR)/MyFirstApplication.app/MyFirstApplication";
				FRAMEWORK_SEARCH_PATHS = (
					"$(SDKROOT)/Developer/Library/Frameworks",
					"$(inherited)",
					"$(DEVELOPER_FRAMEWORKS_DIR)",
				);
				GCC_PRECOMPILE_PREFIX_HEADER = YES;
				GCC_PREFIX_HEADER = "MyFirstApplication/MyFirstApplication-Prefix.pch";
				INFOPLIST_FILE = "MyFirstApplicationTests/MyFirstApplicationTests-Info.plist";
				PRODUCT_NAME = "$(TARGET_NAME)";
				TEST_HOST = "$(BUNDLE_LOADER)";
				WRAPPER_EXTENSION = xctest;
			};
			name = Release;
		};
/* End XCBuildConfiguration section */

/* Begin XCConfigurationList section */
		2BF13C8619F17379009303DE /* Build configuration list for PBXProject "MyFirstApplication" */ = {
			isa = XCConfigurationList;
			buildConfigurations = (
				2BF13CBB19F17379009303DE /* Debug */,
				2BF13CBC19F17379009303DE /* Release */,
			);
			defaultConfigurationIsVisible = 0;
			defaultConfigurationName = Release;
		};
		2BF13CBD19F17379009303DE /* Build configuration list for PBXNativeTarget "MyFirstApplication" */ = {
			isa = XCConfigurationList;
			buildConfigurations = (
				2BF13CBE19F17379009303DE /* Debug */,
				2BF13CBF19F17379009303DE /* Release */,
			);
			defaultConfigurationIsVisible = 0;
		};
		2BF13CC019F17379009303DE /* Build configuration list for PBXNativeTarget "MyFirstApplicationTests" */ = {
			isa = XCConfigurationList;
			buildConfigurations = (
				2BF13CC119F17379009303DE /* Debug */,
				2BF13CC219F17379009303DE /* Release */,
			);
			defaultConfigurationIsVisible = 0;
		};
/* End XCConfigurationList section */
	};
	rootObject = 2BF13C8319F17379009303DE /* Project object */;
}
